<?xml version="1.0" encoding="utf-8"?>
<Project ToolsVersion="4.0" xmlns="http://schemas.microsoft.com/developer/msbuild/2003">
  <ItemGroup>
    <Filter Include="Исходные файлы">
      <UniqueIdentifier>{4FC737F1-C7A5-4376-A066-2A32D752A2FF}</UniqueIdentifier>
      <Extensions>cpp;c;cc;cxx;c++;cppm;ixx;def;odl;idl;hpj;bat;asm;asmx</Extensions>
    </Filter>
    <Filter Include="Файлы заголовков">
      <UniqueIdentifier>{93995380-89BD-4b04-88EB-625FBE52EBFB}</UniqueIdentifier>
      <Extensions>h;hh;hpp;hxx;h++;hm;inl;inc;ipp;xsd</Extensions>
    </Filter>
    <Filter Include="Файлы ресурсов">
      <UniqueIdentifier>{67DA6AB6-F800-4c08-8B7A-83BB121AAD01}</UniqueIdentifier>
      <Extensions>rc;ico;cur;bmp;dlg;rc2;rct;bin;rgs;gif;jpg;jpeg;jpe;resx;tiff;tif;png;wav;mfcribbon-ms</Extensions>
    </Filter>
    <Filter Include="src">
      <UniqueIdentifier>{2cd08553-5e33-41ce-9816-5b49a95d1d43}</UniqueIdentifier>
    </Filter>
    <Filter Include="input">
      <UniqueIdentifier>{c091cf34-e835-42bc-b8b8-194c3edeed8e}</UniqueIdentifier>
    </Filter>
    <Filter Include="output">
      <UniqueIdentifier>{2860dcbb-8a02-4728-beb8-33d4260ad555}</UniqueIdentifier>
    </Filter>
  </ItemGroup>
  <ItemGroup>
    <ClCompile Include="main.cppm">
      <Filter>Исходные файлы</Filter>
    </ClCompile>
    <ClCompile Include="FileReader.ixx">
      <Filter>src</Filter>
    </ClCompile>
    <ClCompile Include="Seidel.ixx">
      <Filter>src</Filter>
    </ClCompile>
    <ClCompile Include="Matrix.ixx">
      <Filter>src</Filter>
    </ClCompile>
    <ClCompile Include="FileWriter.ixx">
      <Filter>src</Filter>
    </ClCompile>
    <ClCompile Include="inverse.ixx">
      <Filter>Исходные файлы</Filter>
    </ClCompile>
  </ItemGroup>
  <ItemGroup>
    <Text Include="input.txt">
      <Filter>input</Filter>
    </Text>
    <Text Include="output.txt">
      <Filter>output</Filter>
    </Text>
  </ItemGroup>
  <ItemGroup>
    <ClInclude Include="start.h">
      <Filter>Исходные файлы</Filter>
    </ClInclude>
    <ClInclude Include="data_struct.h">
      <Filter>src</Filter>
    </ClInclude>
  </ItemGroup>
</Project>